{
  "name": "the-complete-web-development-bootcamp",
  "lockfileVersion": 2,
  "requires": true,
  "packages": {
    "": {
      "dependencies": {
        "@popperjs/core": "^2.9.3",
        "rnukt": "^1.2.13",
        "slugify": "^1.6.0"
      }
    },
    "node_modules/@popperjs/core": {
      "version": "2.9.3",
      "resolved": "https://registry.npmjs.org/@popperjs/core/-/core-2.9.3.tgz",
      "integrity": "sha512-xDu17cEfh7Kid/d95kB6tZsLOmSWKCZKtprnhVepjsSaCij+lM3mItSJDuuHDMbCWTh8Ejmebwb+KONcCJ0eXQ==",
      "funding": {
        "type": "opencollective",
        "url": "https://opencollective.com/popperjs"
      }
    },
    "node_modules/rnukt": {
      "version": "1.2.13",
      "resolved": "https://registry.npmjs.org/rnukt/-/rnukt-1.2.13.tgz",
      "integrity": "sha512-gvyAu2cPbQgNd8y/pL3/j6BJwu3+vHXE0x7gAtxnLG6WZ9B4y6GtdSU3wddHQn7dekvhi9FpF61C1q+lbKWhlg=="
    },
    "node_modules/slugify": {
      "version": "1.6.0",
      "resolved": "https://registry.npmjs.org/slugify/-/slugify-1.6.0.tgz",
      "integrity": "sha512-FkMq+MQc5hzYgM86nLuHI98Acwi3p4wX+a5BO9Hhw4JdK4L7WueIiZ4tXEobImPqBz2sVcV0+Mu3GRB30IGang==",
      "engines": {
        "node": ">=8.0.0"
      }
    }
  },
  "dependencies": {
    "@popperjs/core": {
      "version": "2.9.3",
      "resolved": "https://registry.npmjs.org/@popperjs/core/-/core-2.9.3.tgz",
      "integrity": "sha512-xDu17cEfh7Kid/d95kB6tZsLOmSWKCZKtprnhVepjsSaCij+lM3mItSJDuuHDMbCWTh8Ejmebwb+KONcCJ0eXQ=="
    },
    "rnukt": {
      "version": "1.2.13",
      "resolved": "https://registry.npmjs.org/rnukt/-/rnukt-1.2.13.tgz",
      "integrity": "sha512-gvyAu2cPbQgNd8y/pL3/j6BJwu3+vHXE0x7gAtxnLG6WZ9B4y6GtdSU3wddHQn7dekvhi9FpF61C1q+lbKWhlg=="
    },
    "slugify": {
      "version": "1.6.0",
      "resolved": "https://registry.npmjs.org/slugify/-/slugify-1.6.0.tgz",
      "integrity": "sha512-FkMq+MQc5hzYgM86nLuHI98Acwi3p4wX+a5BO9Hhw4JdK4L7WueIiZ4tXEobImPqBz2sVcV0+Mu3GRB30IGang=="
    }
  }
}
